version = 1
revision = 2
requires-python = ">=3.12"

[[package]]
name = "aether"
version = "0.1.0"
source = { virtual = "." }
dependencies = [
    { name = "django" },
    { name = "django-two-factor-auth", extra = ["phonenumbers"] },
    { name = "gunicorn" },
    { name = "python-dotenv" },
]

[package.dev-dependencies]
dev = [
    { name = "djade" },
]

[package.metadata]
requires-dist = [
    { name = "django", specifier = ">=5.2.5" },
    { name = "django-two-factor-auth", extras = ["phonenumbers"], specifier = ">=1.15.5" },
    { name = "gunicorn", specifier = ">=23.0.0" },
    { name = "python-dotenv", specifier = ">=1.1.1" },
]

[package.metadata.requires-dev]
dev = [{ name = "djade", specifier = ">=1.5.0" }]

[[package]]
name = "asgiref"
version = "3.9.1"
source = { registry = "https://pypi.org/simple" }
sdist = { url = "https://files.pythonhosted.org/packages/90/61/0aa957eec22ff70b830b22ff91f825e70e1ef732c06666a805730f28b36b/asgiref-3.9.1.tar.gz", hash = "sha256:a5ab6582236218e5ef1648f242fd9f10626cfd4de8dc377db215d5d5098e3142", size = 36870, upload-time = "2025-07-08T09:07:43.344Z" }
wheels = [
    { url = "https://files.pythonhosted.org/packages/7c/3c/0464dcada90d5da0e71018c04a140ad6349558afb30b3051b4264cc5b965/asgiref-3.9.1-py3-none-any.whl", hash = "sha256:f3bba7092a48005b5f5bacd747d36ee4a5a61f4a269a6df590b43144355ebd2c", size = 23790, upload-time = "2025-07-08T09:07:41.548Z" },
]

[[package]]
name = "colorama"
version = "0.4.6"
source = { registry = "https://pypi.org/simple" }
sdist = { url = "https://files.pythonhosted.org/packages/d8/53/6f443c9a4a8358a93a6792e2acffb9d9d5cb0a5cfd8802644b7b1c9a02e4/colorama-0.4.6.tar.gz", hash = "sha256:08695f5cb7ed6e0531a20572697297273c47b8cae5a63ffc6d6ed5c201be6e44", size = 27697, upload-time = "2022-10-25T02:36:22.414Z" }
wheels = [
    { url = "https://files.pythonhosted.org/packages/d1/d6/3965ed04c63042e047cb6a3e6ed1a63a35087b6a609aa3a15ed8ac56c221/colorama-0.4.6-py2.py3-none-any.whl", hash = "sha256:4f1d9991f5acc0ca119f9d443620b77f9d6b33703e51011c16baf57afb285fc6", size = 25335, upload-time = "2022-10-25T02:36:20.889Z" },
]

[[package]]
name = "djade"
version = "1.5.0"
source = { registry = "https://pypi.org/simple" }
sdist = { url = "https://files.pythonhosted.org/packages/f1/8b/d39ad663b5f647f1f93f363c6a90817a77f89605bf3516043923c15eda88/djade-1.5.0.tar.gz", hash = "sha256:fee13ad8142338df9a658fc3789113bd08a518e56261cfe301a964faf62fc0cc", size = 40074, upload-time = "2025-08-26T15:14:24.852Z" }
wheels = [
    { url = "https://files.pythonhosted.org/packages/c4/07/e99c555b00f9a4816539eda3f67d6cbe12e6f338627040455eb1bf60f061/djade-1.5.0-py3-none-macosx_10_12_x86_64.whl", hash = "sha256:16a6cbc275b223ba7acada78b6f607232534f24ae3926c82e0e10b7c37e8d961", size = 1126850, upload-time = "2025-08-26T15:14:05.757Z" },
    { url = "https://files.pythonhosted.org/packages/54/15/12b65b515fa1e584d1b9acab588a9fde10eef7fe02540f856eaefb03cf9e/djade-1.5.0-py3-none-macosx_11_0_arm64.whl", hash = "sha256:eeccde54dfc4e465663c3bdd387a3f3a69213cc03d1a1c91b9f155bd35e62523", size = 1054556, upload-time = "2025-08-26T15:14:07.987Z" },
    { url = "https://files.pythonhosted.org/packages/98/eb/ad535e0155257a7bc9cbf5cc62568f2005116f95234e44cae370565f31c1/djade-1.5.0-py3-none-manylinux_2_17_aarch64.manylinux2014_aarch64.whl", hash = "sha256:17160411fd96be8dd7f44b9bd140bfd62cd045a12c5a52e0a44700f50a416895", size = 1098032, upload-time = "2025-08-26T15:14:09.358Z" },
    { url = "https://files.pythonhosted.org/packages/13/ba/381d195ad63a601ff08e19cda6e9b53396b2ac3e6a930258a13bf834b48e/djade-1.5.0-py3-none-manylinux_2_17_armv7l.manylinux2014_armv7l.whl", hash = "sha256:e6f50ed54c4867fe64525b17465ced86a5364cc69f4d976bc31f3b6a41971375", size = 1041284, upload-time = "2025-08-26T15:14:11.172Z" },
    { url = "https://files.pythonhosted.org/packages/3f/6e/dfc27c64231564e7a9ce18e7380eef08e9ce6a1ea00c222b078617345fc4/djade-1.5.0-py3-none-manylinux_2_17_i686.manylinux2014_i686.whl", hash = "sha256:6e8aa4650ed2b67f2ac9eaaeb7fd6f8915e9a4a0ba48648255d19db0df35ba2e", size = 1222387, upload-time = "2025-08-26T15:14:12.69Z" },
    { url = "https://files.pythonhosted.org/packages/9b/b2/0b28716ad2cee69f0204b74b3603d815aa482f2bdd3a543e00581af27134/djade-1.5.0-py3-none-manylinux_2_17_x86_64.manylinux2014_x86_64.whl", hash = "sha256:b586e3b60b23c173531e20ad7c7a964e2d10f39ee57fe2ddbba2a6342508d71e", size = 1196280, upload-time = "2025-08-26T15:14:14.851Z" },
    { url = "https://files.pythonhosted.org/packages/49/0f/d2bb803ef67929b9eb69364a2700712497efebe0d7477f75842e956acecf/djade-1.5.0-py3-none-musllinux_1_1_aarch64.whl", hash = "sha256:a1f4ecfc68aedbaeb8d9c5b6079abf6fbcafbf59e420d9f9d11da0ed3906c675", size = 1085302, upload-time = "2025-08-26T15:14:16.444Z" },
    { url = "https://files.pythonhosted.org/packages/28/8b/ac7ae206bddbff197ae9fc7c7f6e6168aa25e193724677af2d740692188b/djade-1.5.0-py3-none-musllinux_1_1_x86_64.whl", hash = "sha256:4eeb82c65b7baad7fb27c139f00d68e9ac35114d5cc169e45964b571e54c4c66", size = 1240547, upload-time = "2025-08-26T15:14:18.657Z" },
    { url = "https://files.pythonhosted.org/packages/d2/0c/3b94d02d90497ae33e9a07336acec2d472898e739460788c4227fc70b5a2/djade-1.5.0-py3-none-win32.whl", hash = "sha256:8045469ebe36d5503622c7268d8f7859a1f0eb579725a363ec18b508fdf53363", size = 963348, upload-time = "2025-08-26T15:14:20.394Z" },
    { url = "https://files.pythonhosted.org/packages/b9/b7/b0de0ec2b63da159a7c3916f0b2781f15273a66c0d2e21ae2804dd9e9e62/djade-1.5.0-py3-none-win_amd64.whl", hash = "sha256:67892f9405d92decd8bb4a253b14534df6a1f613a2423a197317d530599b8dbe", size = 1057901, upload-time = "2025-08-26T15:14:22.203Z" },
    { url = "https://files.pythonhosted.org/packages/85/4e/1621968558fd67d044bf915bb491310cc65111daa71404b70c0b352c4791/djade-1.5.0-py3-none-win_arm64.whl", hash = "sha256:dfd431b77170e26458e59a1ed886d588adc6e25f8e3a4ae1d76af230cee4b8e7", size = 987274, upload-time = "2025-08-26T15:14:23.603Z" },
]

[[package]]
name = "django"
version = "5.2.5"
source = { registry = "https://pypi.org/simple" }
dependencies = [
    { name = "asgiref" },
    { name = "sqlparse" },
    { name = "tzdata", marker = "sys_platform == 'win32'" },
]
sdist = { url = "https://files.pythonhosted.org/packages/62/9b/779f853c3d2d58b9e08346061ff3e331cdec3fe3f53aae509e256412a593/django-5.2.5.tar.gz", hash = "sha256:0745b25681b129a77aae3d4f6549b62d3913d74407831abaa0d9021a03954bae", size = 10859748, upload-time = "2025-08-06T08:26:29.978Z" }
wheels = [
    { url = "https://files.pythonhosted.org/packages/9d/6e/98a1d23648e0085bb5825326af17612ecd8fc76be0ce96ea4dc35e17b926/django-5.2.5-py3-none-any.whl", hash = "sha256:2b2ada0ee8a5ff743a40e2b9820d1f8e24c11bac9ae6469cd548f0057ea6ddcd", size = 8302999, upload-time = "2025-08-06T08:26:23.562Z" },
]

[[package]]
name = "django-formtools"
version = "2.5.1"
source = { registry = "https://pypi.org/simple" }
dependencies = [
    { name = "django" },
]
sdist = { url = "https://files.pythonhosted.org/packages/73/f8/bb9b228fc33230186f3612a6fc96274a81bab3509817498f2632d7aa6367/django-formtools-2.5.1.tar.gz", hash = "sha256:47cb34552c6efca088863d693284d04fc36eaaf350eb21e1a1d935e0df523c93", size = 88637, upload-time = "2023-12-19T10:30:59.78Z" }
wheels = [
    { url = "https://files.pythonhosted.org/packages/12/63/91a107e3aaaf3987bad036494dfd8cc2675f4a66d22e65ffd6711f84ba70/django_formtools-2.5.1-py3-none-any.whl", hash = "sha256:bce9b64eda52cc1eef6961cc649cf75aacd1a707c2fff08d6c3efcbc8e7e761a", size = 170651, upload-time = "2023-12-19T10:30:02.816Z" },
]

[[package]]
name = "django-otp"
version = "1.6.1"
source = { registry = "https://pypi.org/simple" }
dependencies = [
    { name = "django" },
]
sdist = { url = "https://files.pythonhosted.org/packages/85/d0/edd5effefa92f30f42b16e4f520a2fb71d0a1c77241a7a1d1159e69a06fc/django_otp-1.6.1.tar.gz", hash = "sha256:68dafa008921fd418382492d81b717636d8cc1364e24e8f9222b72264adf3c5d", size = 74134, upload-time = "2025-07-08T15:12:25.273Z" }
wheels = [
    { url = "https://files.pythonhosted.org/packages/b6/4e/730a94ad77ed55f493b5f6a914c084a65ae1af78be36c991e4e207fd779e/django_otp-1.6.1-py3-none-any.whl", hash = "sha256:a632e126c9e6ffc5f961a1e0c2452ee0d7ed589073141a729f33915957177916", size = 81692, upload-time = "2025-07-08T15:12:26.711Z" },
]

[[package]]
name = "django-phonenumber-field"
version = "8.1.0"
source = { registry = "https://pypi.org/simple" }
dependencies = [
    { name = "django" },
]
sdist = { url = "https://files.pythonhosted.org/packages/95/4b/edec2f3e4b8f8048540d7d1844bc576a0bdb711e1f6a4cde364c505c865d/django_phonenumber_field-8.1.0.tar.gz", hash = "sha256:f19450625574ad3a2de047c409527d0e57699496849e71e53b53e8679ff67b27", size = 43854, upload-time = "2025-04-10T16:09:29.363Z" }
wheels = [
    { url = "https://files.pythonhosted.org/packages/89/98/0413e47d7d1fab0e5a81eda6caacdcba69d50f74f64b65febf943cbd1f1e/django_phonenumber_field-8.1.0-py3-none-any.whl", hash = "sha256:9ba66873bf47401b13fc57797fbf85e785864a6bfdc8b9daa3a9012886567045", size = 65208, upload-time = "2025-04-10T16:09:27.843Z" },
]

[[package]]
name = "django-two-factor-auth"
version = "1.17.0"
source = { registry = "https://pypi.org/simple" }
dependencies = [
    { name = "django" },
    { name = "django-formtools" },
    { name = "django-otp" },
    { name = "django-phonenumber-field" },
    { name = "qrcode" },
]
sdist = { url = "https://files.pythonhosted.org/packages/df/be/8885500b72e875c1449f08a0d331180e928eaff22a14d312a0a807814958/django_two_factor_auth-1.17.0.tar.gz", hash = "sha256:a2dcc3efedd0ce4b4c14d389766c9fd8e13cabdff5e4e1b645adeb650c550cf7", size = 170336, upload-time = "2024-08-12T06:28:43.936Z" }
wheels = [
    { url = "https://files.pythonhosted.org/packages/ed/bf/9e6f2ac10a30b4024f0df5c43959ce1f7e0e065ffc020627ba75d847b3c5/django_two_factor_auth-1.17.0-py3-none-any.whl", hash = "sha256:622e78b0d6cf12eeafa239665d99c1221c399228f2f902fe478aea7759995e0e", size = 298654, upload-time = "2024-08-12T06:29:18.326Z" },
]

[package.optional-dependencies]
phonenumbers = [
    { name = "phonenumbers" },
]

[[package]]
name = "gunicorn"
version = "23.0.0"
source = { registry = "https://pypi.org/simple" }
dependencies = [
    { name = "packaging" },
]
sdist = { url = "https://files.pythonhosted.org/packages/34/72/9614c465dc206155d93eff0ca20d42e1e35afc533971379482de953521a4/gunicorn-23.0.0.tar.gz", hash = "sha256:f014447a0101dc57e294f6c18ca6b40227a4c90e9bdb586042628030cba004ec", size = 375031, upload-time = "2024-08-10T20:25:27.378Z" }
wheels = [
    { url = "https://files.pythonhosted.org/packages/cb/7d/6dac2a6e1eba33ee43f318edbed4ff29151a49b5d37f080aad1e6469bca4/gunicorn-23.0.0-py3-none-any.whl", hash = "sha256:ec400d38950de4dfd418cff8328b2c8faed0edb0d517d3394e457c317908ca4d", size = 85029, upload-time = "2024-08-10T20:25:24.996Z" },
]

[[package]]
name = "packaging"
version = "25.0"
source = { registry = "https://pypi.org/simple" }
sdist = { url = "https://files.pythonhosted.org/packages/a1/d4/1fc4078c65507b51b96ca8f8c3ba19e6a61c8253c72794544580a7b6c24d/packaging-25.0.tar.gz", hash = "sha256:d443872c98d677bf60f6a1f2f8c1cb748e8fe762d2bf9d3148b5599295b0fc4f", size = 165727, upload-time = "2025-04-19T11:48:59.673Z" }
wheels = [
    { url = "https://files.pythonhosted.org/packages/20/12/38679034af332785aac8774540895e234f4d07f7545804097de4b666afd8/packaging-25.0-py3-none-any.whl", hash = "sha256:29572ef2b1f17581046b3a2227d5c611fb25ec70ca1ba8554b24b0e69331a484", size = 66469, upload-time = "2025-04-19T11:48:57.875Z" },
]

[[package]]
name = "phonenumbers"
version = "8.13.55"
source = { registry = "https://pypi.org/simple" }
sdist = { url = "https://files.pythonhosted.org/packages/6e/23/b4c886487ca212ca87768433a43e2b3099c1c2fa5d9e21d2fbce187cc3c2/phonenumbers-8.13.55.tar.gz", hash = "sha256:57c989dda3eabab1b5a9e3d24438a39ebd032fa0172bf68bfd90ab70b3d5e08b", size = 2296624, upload-time = "2025-02-15T08:06:03.465Z" }
wheels = [
    { url = "https://files.pythonhosted.org/packages/50/dc/a7f0a9d5ad8b98bc5406deb00207b268d6d2edd215c21642e8f2ecc6f0ce/phonenumbers-8.13.55-py2.py3-none-any.whl", hash = "sha256:25feaf46135f0fb1e61b69513dc97c477285ba98a69204bf5a8cf241a844a718", size = 2582306, upload-time = "2025-02-15T08:05:56.746Z" },
]

[[package]]
name = "pypng"
version = "0.20220715.0"
source = { registry = "https://pypi.org/simple" }
sdist = { url = "https://files.pythonhosted.org/packages/93/cd/112f092ec27cca83e0516de0a3368dbd9128c187fb6b52aaaa7cde39c96d/pypng-0.20220715.0.tar.gz", hash = "sha256:739c433ba96f078315de54c0db975aee537cbc3e1d0ae4ed9aab0ca1e427e2c1", size = 128992, upload-time = "2022-07-15T14:11:05.301Z" }
wheels = [
    { url = "https://files.pythonhosted.org/packages/3e/b9/3766cc361d93edb2ce81e2e1f87dd98f314d7d513877a342d31b30741680/pypng-0.20220715.0-py3-none-any.whl", hash = "sha256:4a43e969b8f5aaafb2a415536c1a8ec7e341cd6a3f957fd5b5f32a4cfeed902c", size = 58057, upload-time = "2022-07-15T14:11:03.713Z" },
]

[[package]]
name = "python-dotenv"
version = "1.1.1"
source = { registry = "https://pypi.org/simple" }
sdist = { url = "https://files.pythonhosted.org/packages/f6/b0/4bc07ccd3572a2f9df7e6782f52b0c6c90dcbb803ac4a167702d7d0dfe1e/python_dotenv-1.1.1.tar.gz", hash = "sha256:a8a6399716257f45be6a007360200409fce5cda2661e3dec71d23dc15f6189ab", size = 41978, upload-time = "2025-06-24T04:21:07.341Z" }
wheels = [
    { url = "https://files.pythonhosted.org/packages/5f/ed/539768cf28c661b5b068d66d96a2f155c4971a5d55684a514c1a0e0dec2f/python_dotenv-1.1.1-py3-none-any.whl", hash = "sha256:31f23644fe2602f88ff55e1f5c79ba497e01224ee7737937930c448e4d0e24dc", size = 20556, upload-time = "2025-06-24T04:21:06.073Z" },
]

[[package]]
name = "qrcode"
version = "7.4.2"
source = { registry = "https://pypi.org/simple" }
dependencies = [
    { name = "colorama", marker = "sys_platform == 'win32'" },
    { name = "pypng" },
    { name = "typing-extensions" },
]
sdist = { url = "https://files.pythonhosted.org/packages/30/35/ad6d4c5a547fe9a5baf85a9edbafff93fc6394b014fab30595877305fa59/qrcode-7.4.2.tar.gz", hash = "sha256:9dd969454827e127dbd93696b20747239e6d540e082937c90f14ac95b30f5845", size = 535974, upload-time = "2023-02-05T22:11:46.548Z" }
wheels = [
    { url = "https://files.pythonhosted.org/packages/24/79/aaf0c1c7214f2632badb2771d770b1500d3d7cbdf2590ae62e721ec50584/qrcode-7.4.2-py3-none-any.whl", hash = "sha256:581dca7a029bcb2deef5d01068e39093e80ef00b4a61098a2182eac59d01643a", size = 46197, upload-time = "2023-02-05T22:11:43.4Z" },
]

[[package]]
name = "sqlparse"
version = "0.5.3"
source = { registry = "https://pypi.org/simple" }
sdist = { url = "https://files.pythonhosted.org/packages/e5/40/edede8dd6977b0d3da179a342c198ed100dd2aba4be081861ee5911e4da4/sqlparse-0.5.3.tar.gz", hash = "sha256:09f67787f56a0b16ecdbde1bfc7f5d9c3371ca683cfeaa8e6ff60b4807ec9272", size = 84999, upload-time = "2024-12-10T12:05:30.728Z" }
wheels = [
    { url = "https://files.pythonhosted.org/packages/a9/5c/bfd6bd0bf979426d405cc6e71eceb8701b148b16c21d2dc3c261efc61c7b/sqlparse-0.5.3-py3-none-any.whl", hash = "sha256:cf2196ed3418f3ba5de6af7e82c694a9fbdbfecccdfc72e281548517081f16ca", size = 44415, upload-time = "2024-12-10T12:05:27.824Z" },
]

[[package]]
name = "typing-extensions"
version = "4.15.0"
source = { registry = "https://pypi.org/simple" }
sdist = { url = "https://files.pythonhosted.org/packages/72/94/1a15dd82efb362ac84269196e94cf00f187f7ed21c242792a923cdb1c61f/typing_extensions-4.15.0.tar.gz", hash = "sha256:0cea48d173cc12fa28ecabc3b837ea3cf6f38c6d1136f85cbaaf598984861466", size = 109391, upload-time = "2025-08-25T13:49:26.313Z" }
wheels = [
    { url = "https://files.pythonhosted.org/packages/18/67/36e9267722cc04a6b9f15c7f3441c2363321a3ea07da7ae0c0707beb2a9c/typing_extensions-4.15.0-py3-none-any.whl", hash = "sha256:f0fa19c6845758ab08074a0cfa8b7aecb71c999ca73d62883bc25cc018c4e548", size = 44614, upload-time = "2025-08-25T13:49:24.86Z" },
]

[[package]]
name = "tzdata"
version = "2025.2"
source = { registry = "https://pypi.org/simple" }
sdist = { url = "https://files.pythonhosted.org/packages/95/32/1a225d6164441be760d75c2c42e2780dc0873fe382da3e98a2e1e48361e5/tzdata-2025.2.tar.gz", hash = "sha256:b60a638fcc0daffadf82fe0f57e53d06bdec2f36c4df66280ae79bce6bd6f2b9", size = 196380, upload-time = "2025-03-23T13:54:43.652Z" }
wheels = [
    { url = "https://files.pythonhosted.org/packages/5c/23/c7abc0ca0a1526a0774eca151daeb8de62ec457e77262b66b359c3c7679e/tzdata-2025.2-py2.py3-none-any.whl", hash = "sha256:1a403fada01ff9221ca8044d701868fa132215d84beb92242d9acd2147f667a8", size = 347839, upload-time = "2025-03-23T13:54:41.845Z" },
]
